<?xml version="1.0" encoding="utf-8"?>
<Project ToolsVersion="4.0" xmlns="http://schemas.microsoft.com/developer/msbuild/2003">
  <ItemGroup>
    <Filter Include="Source files">
      <UniqueIdentifier>{d853742b-a627-43c3-8dc9-84eaacf9c830}</UniqueIdentifier>
      <Extensions>cpp;c;cc;cxx;def;odl;idl;hpj;bat;asm;asmx</Extensions>
    </Filter>
    <Filter Include="Header files">
      <UniqueIdentifier>{be9968aa-fa10-4800-b080-6b9cf66259f5}</UniqueIdentifier>
      <Extensions>h;hpp;hxx;hm;inl;inc;xsd</Extensions>
    </Filter>
    <Filter Include="Resource files">
      <UniqueIdentifier>{dfa54c3c-d11d-4d5a-8934-d3d47afec048}</UniqueIdentifier>
      <Extensions>rc;ico;cur;bmp;dlg;rc2;rct;bin;rgs;gif;jpg;jpeg;jpe;resx;tiff;tif;png;wav</Extensions>
    </Filter>
    <Filter Include="Source files\Drivers">
      <UniqueIdentifier>{761feb65-80d9-42e4-b218-80ea2f4929ca}</UniqueIdentifier>
    </Filter>
    <Filter Include="Source files\Drivers\STM32H7xx_HAL_Driver">
      <UniqueIdentifier>{d479df76-d13d-495f-af89-76bf8f196317}</UniqueIdentifier>
    </Filter>
    <Filter Include="Source files\Drivers\CMSIS">
      <UniqueIdentifier>{0e86a1a0-f033-4eb0-bc54-3ced9c3794b9}</UniqueIdentifier>
    </Filter>
    <Filter Include="Source files\Application">
      <UniqueIdentifier>{a53ee8a5-11c3-460f-acd5-1cda745db06f}</UniqueIdentifier>
    </Filter>
    <Filter Include="Source files\Application\MDK-ARM">
      <UniqueIdentifier>{5150012b-839d-4521-8a1b-e207c16c8a53}</UniqueIdentifier>
    </Filter>
    <Filter Include="Source files\Application\User">
      <UniqueIdentifier>{b5f8e083-f343-4a5d-9d57-88f01b4e71d5}</UniqueIdentifier>
    </Filter>
    <Filter Include="Source files\letter_shell">
      <UniqueIdentifier>{47806878-6e29-4380-a553-8e17f5882b67}</UniqueIdentifier>
    </Filter>
    <Filter Include="Source files\::CMSIS">
      <UniqueIdentifier>{a15c7580-a600-4f70-a4af-b1abc4177744}</UniqueIdentifier>
    </Filter>
    <Filter Include="Source files\Device-specific files">
      <UniqueIdentifier>{da166ce3-a190-48b6-8b09-213125d4fd78}</UniqueIdentifier>
    </Filter>
    <Filter Include="Header files\Drivers">
      <UniqueIdentifier>{4fdac98b-7c4b-4c54-8631-0d0afed57b41}</UniqueIdentifier>
    </Filter>
    <Filter Include="Header files\Drivers\STM32H7xx_HAL_Driver">
      <UniqueIdentifier>{14339052-6691-42bc-9a56-c8e280efbeda}</UniqueIdentifier>
    </Filter>
    <Filter Include="Header files\Drivers\CMSIS">
      <UniqueIdentifier>{b5f1ed99-2ca1-4b9c-876a-4c1c40ecdecf}</UniqueIdentifier>
    </Filter>
    <Filter Include="Header files\Application">
      <UniqueIdentifier>{59a5951e-fca2-4a49-8924-2a8af913d762}</UniqueIdentifier>
    </Filter>
    <Filter Include="Header files\Application\MDK-ARM">
      <UniqueIdentifier>{43cb5200-e384-4212-9817-22a8260d016c}</UniqueIdentifier>
    </Filter>
    <Filter Include="Header files\Application\User">
      <UniqueIdentifier>{490a363e-084b-4f93-93eb-3d1b9c4880d6}</UniqueIdentifier>
    </Filter>
    <Filter Include="Header files\letter_shell">
      <UniqueIdentifier>{333495c5-e9e6-4ac6-a3a8-1eccedf3e704}</UniqueIdentifier>
    </Filter>
    <Filter Include="Header files\::CMSIS">
      <UniqueIdentifier>{0860b049-ca58-4a39-9717-1137625cc059}</UniqueIdentifier>
    </Filter>
    <Filter Include="Header files\Device-specific files">
      <UniqueIdentifier>{5916fc01-b658-406b-89e7-fcc55e1ea80c}</UniqueIdentifier>
    </Filter>
    <Filter Include="VisualGDB settings">
      <UniqueIdentifier>{d78400ac-27d7-4398-af59-ba579364598b}</UniqueIdentifier>
    </Filter>
  </ItemGroup>
  <ItemGroup>
    <ClCompile Include="..\Drivers\STM32H7xx_HAL_Driver\Src\stm32h7xx_hal_cortex.c">
      <Filter>Source files\Drivers\STM32H7xx_HAL_Driver</Filter>
    </ClCompile>
    <ClCompile Include="..\Drivers\STM32H7xx_HAL_Driver\Src\stm32h7xx_hal_rcc.c">
      <Filter>Source files\Drivers\STM32H7xx_HAL_Driver</Filter>
    </ClCompile>
    <ClCompile Include="..\Drivers\STM32H7xx_HAL_Driver\Src\stm32h7xx_hal_rcc_ex.c">
      <Filter>Source files\Drivers\STM32H7xx_HAL_Driver</Filter>
    </ClCompile>
    <ClCompile Include="..\Drivers\STM32H7xx_HAL_Driver\Src\stm32h7xx_hal_flash.c">
      <Filter>Source files\Drivers\STM32H7xx_HAL_Driver</Filter>
    </ClCompile>
    <ClCompile Include="..\Drivers\STM32H7xx_HAL_Driver\Src\stm32h7xx_hal_flash_ex.c">
      <Filter>Source files\Drivers\STM32H7xx_HAL_Driver</Filter>
    </ClCompile>
    <ClCompile Include="..\Drivers\STM32H7xx_HAL_Driver\Src\stm32h7xx_hal_gpio.c">
      <Filter>Source files\Drivers\STM32H7xx_HAL_Driver</Filter>
    </ClCompile>
    <ClCompile Include="..\Drivers\STM32H7xx_HAL_Driver\Src\stm32h7xx_hal_hsem.c">
      <Filter>Source files\Drivers\STM32H7xx_HAL_Driver</Filter>
    </ClCompile>
    <ClCompile Include="..\Drivers\STM32H7xx_HAL_Driver\Src\stm32h7xx_hal_dma.c">
      <Filter>Source files\Drivers\STM32H7xx_HAL_Driver</Filter>
    </ClCompile>
    <ClCompile Include="..\Drivers\STM32H7xx_HAL_Driver\Src\stm32h7xx_hal_dma_ex.c">
      <Filter>Source files\Drivers\STM32H7xx_HAL_Driver</Filter>
    </ClCompile>
    <ClCompile Include="..\Drivers\STM32H7xx_HAL_Driver\Src\stm32h7xx_hal_mdma.c">
      <Filter>Source files\Drivers\STM32H7xx_HAL_Driver</Filter>
    </ClCompile>
    <ClCompile Include="..\Drivers\STM32H7xx_HAL_Driver\Src\stm32h7xx_hal_pwr.c">
      <Filter>Source files\Drivers\STM32H7xx_HAL_Driver</Filter>
    </ClCompile>
    <ClCompile Include="..\Drivers\STM32H7xx_HAL_Driver\Src\stm32h7xx_hal_pwr_ex.c">
      <Filter>Source files\Drivers\STM32H7xx_HAL_Driver</Filter>
    </ClCompile>
    <ClCompile Include="..\Drivers\STM32H7xx_HAL_Driver\Src\stm32h7xx_hal.c">
      <Filter>Source files\Drivers\STM32H7xx_HAL_Driver</Filter>
    </ClCompile>
    <ClCompile Include="..\Drivers\STM32H7xx_HAL_Driver\Src\stm32h7xx_hal_i2c.c">
      <Filter>Source files\Drivers\STM32H7xx_HAL_Driver</Filter>
    </ClCompile>
    <ClCompile Include="..\Drivers\STM32H7xx_HAL_Driver\Src\stm32h7xx_hal_i2c_ex.c">
      <Filter>Source files\Drivers\STM32H7xx_HAL_Driver</Filter>
    </ClCompile>
    <ClCompile Include="..\Drivers\STM32H7xx_HAL_Driver\Src\stm32h7xx_hal_exti.c">
      <Filter>Source files\Drivers\STM32H7xx_HAL_Driver</Filter>
    </ClCompile>
    <ClCompile Include="..\Drivers\STM32H7xx_HAL_Driver\Src\stm32h7xx_hal_tim.c">
      <Filter>Source files\Drivers\STM32H7xx_HAL_Driver</Filter>
    </ClCompile>
    <ClCompile Include="..\Drivers\STM32H7xx_HAL_Driver\Src\stm32h7xx_hal_tim_ex.c">
      <Filter>Source files\Drivers\STM32H7xx_HAL_Driver</Filter>
    </ClCompile>
    <ClCompile Include="..\Drivers\STM32H7xx_HAL_Driver\Src\stm32h7xx_hal_uart.c">
      <Filter>Source files\Drivers\STM32H7xx_HAL_Driver</Filter>
    </ClCompile>
    <ClCompile Include="..\Drivers\STM32H7xx_HAL_Driver\Src\stm32h7xx_hal_uart_ex.c">
      <Filter>Source files\Drivers\STM32H7xx_HAL_Driver</Filter>
    </ClCompile>
    <ClCompile Include="..\Src\system_stm32h7xx.c">
      <Filter>Source files\Drivers\CMSIS</Filter>
    </ClCompile>
    <ClCompile Include="..\Src\main.c">
      <Filter>Source files\Application\User</Filter>
    </ClCompile>
    <ClCompile Include="..\Src\stm32h7xx_it.c">
      <Filter>Source files\Application\User</Filter>
    </ClCompile>
    <ClCompile Include="..\Src\stm32h7xx_hal_msp.c">
      <Filter>Source files\Application\User</Filter>
    </ClCompile>
    <ClCompile Include="..\letter-shell\shell.c">
      <Filter>Source files\letter_shell</Filter>
    </ClCompile>
    <ClCompile Include="..\letter-shell\shell_cmd_list.c">
      <Filter>Source files\letter_shell</Filter>
    </ClCompile>
    <ClCompile Include="..\letter-shell\shell_ext.c">
      <Filter>Source files\letter_shell</Filter>
    </ClCompile>
    <ClCompile Include="..\letter-shell\shell_port.c">
      <Filter>Source files\letter_shell</Filter>
    </ClCompile>
    <None Include="stm32.props">
      <Filter>Source files\Device-specific files</Filter>
    </None>
    <ClCompile Include="$(BSP_ROOT)\STM32H7xxxx\StartupFiles\startup_stm32h743xx.c">
      <Filter>Source files\Device-specific files</Filter>
    </ClCompile>
    <None Include="EmbeddedProject1-Debug.vgdbsettings">
      <Filter>VisualGDB settings</Filter>
    </None>
    <None Include="EmbeddedProject1-Release.vgdbsettings">
      <Filter>VisualGDB settings</Filter>
    </None>
    <None Include="stm32.xml">
      <Filter>VisualGDB settings</Filter>
    </None>
  </ItemGroup>
</Project>